{
  "version": 4,
  "terraform_version": "1.13.2",
  "serial": 3,
  "lineage": "98e2d0b4-c23d-5824-9a44-43a0384686e6",
  "outputs": {
    "vm_ip": {
      "value": "192.168.1.112",
      "type": "string"
    }
  },
  "resources": [
    {
      "mode": "managed",
      "type": "esxi_guest",
      "name": "ubuntu_vm",
      "provider": "provider[\"registry.terraform.io/josenk/esxi\"]",
      "instances": [
        {
          "schema_version": 0,
          "attributes": {
            "boot_disk_size": null,
            "boot_disk_type": "thin",
            "boot_firmware": "bios",
            "clone_from_vm": null,
            "disk_store": "Datastore1",
            "guest_name": "ubuntu-demo",
            "guest_shutdown_timeout": 20,
            "guest_startup_timeout": 120,
            "guestinfo": {
              "userdata": "I2Nsb3VkLWNvbmZpZw0KdXNlcnM6DQogIC0gbmFtZTogc3R1ZGVudA0KICAgIHNzaF9hdXRob3JpemVkX2tleXM6DQogICAgICAtIHNzaC1yc2EgQUFBQUIzTnphQzF5YzJFQUFBQURBUUFCQUFBQ0FRQzVLNFg3eGdBWkN4V2RiQTRIT0VMUzlDRmVIM2dJYmtLQmY4Z2xiKzZLYUM3bVZKZFFYbUhQTVRkRUdxcFhDd25qNVYrbjBwbmlTVkx4ZzJ5anowaUtjQzRWOUxsa2lWZWxBWUtZM0d2ek5ndG9TbzQvTFJMMFhJc2F4UEpkTG15OHdkRVhFS2cwY1ZqK3VYQVVYeWxzQ2RCY2h2Tk5IQkE3aEF1NDh6aW5JT1JaMVJxQlI0Vmw4ekoyaCt1M3JneWhEeDQ5QjJYMTBtQXVWeW1MYVpQVjdkY3lLTnM1SzhEY2s1K3J0ZFErRHRueDRRa055NEZEdjFRcXhGTmRKZlFKZGhzNUtwUmxCQjBIeStuWlRNdmNiNE1vVlZvMXNsNXlPT0MrUjJ6QnlxcU9Na1BERHQzMVdSK3U5TDR5L0pIQnlib0E5QjM1bktHcXpUTTh0aWU5bDRkTDBiRUhsaUJqOVpBZ3ZKSXpETnJ0SVMyMURxcFJXMGN3UVJnTG45MzlsY1ViN21IS0hJdXZoclZ6S2dkbXc0Qy9FcS9wOTJ5NFJOdlVicklkSk5abmthUXVCNDZXdnZVYmg3Yndmak1UTGZtTXF4U0tTK3FlZGFmZldWNDl2NDh3UU1nVkwvbXp0Z0JjYWZpZXFrM2Nqb3g3ekI0QXBsUkxuTWppNmZod3JRMjd6WkxLa0xYOWZkRzhTdTRwK09JWC9JRzBpMCt4S1l2Kzd3eE1tNFdsZ1RQYXIvWFBsU3hTTXQxVDlVdXliWDY2OHBNN1ovTCtOdFRDYXBRYXhZTGlOVi82OWg3aUswTmdqanVCbFd5UDJWNlFqTm9NYjZISWFwWXhRaVRsNkVEU3VTRGZFc3lLSW92S1V4Wm1iWm04VGJBN0NlbzdIWHZLM3cwd2Z3PT0gYXp1cmVfdm1fa2V5DQogICAgc3VkbzogQUxMPShBTEwpIE5PUEFTU1dEOkFMTA0KICAgIHNoZWxsOiAvYmluL2Jhc2gNCg==",
              "userdata.encoding": "base64"
            },
            "guestos": "ubuntu-64",
            "host_ovf": null,
            "id": "11",
            "ip_address": "192.168.1.112",
            "memsize": "2048",
            "network_interfaces": [
              {
                "mac_address": "",
                "nic_type": "e1000",
                "virtual_network": "VM Network"
              }
            ],
            "notes": "",
            "numvcpus": "1",
            "ovf_properties": [],
            "ovf_properties_timer": 90,
            "ovf_source": "https://cloud-images.ubuntu.com/releases/24.04/release/ubuntu-24.04-server-cloudimg-amd64.ova",
            "power": "on",
            "resource_pool_name": "/",
            "virthwver": "10",
            "virtual_disks": []
          },
          "sensitive_attributes": [],
          "identity_schema_version": 0,
          "private": "bnVsbA=="
        }
      ]
    },
    {
      "mode": "managed",
      "type": "local_file",
      "name": "inventory",
      "provider": "provider[\"registry.terraform.io/hashicorp/local\"]",
      "instances": [
        {
          "schema_version": 0,
          "attributes": {
            "content": "[ubuntu]\r\n192.168.1.112 app_name=\"demoapp\"\r\n",
            "content_base64": null,
            "content_base64sha256": "QIOJNXj/7EaKP8vsjVvuLoD8/gAHACRHloNUsxQhOJU=",
            "content_base64sha512": "grBE7wcOqSlloql4/s/ZHj2V/vJ6Nifx+jXJP7NK2sXAgyH51FZmJ69xR04EU/CPPb7Jod2oHph0axZO9Z44mA==",
            "content_md5": "6b7129ca63735655f037224297da61aa",
            "content_sha1": "a6f121941c454d83f19a52bfe42422145fae3738",
            "content_sha256": "4083893578ffec468a3fcbec8d5bee2e80fcfe0007002447968354b314213895",
            "content_sha512": "82b044ef070ea92965a2a978fecfd91e3d95fef27a3627f1fa35c93fb34adac5c08321f9d4566627af71474e0453f08f3dbec9a1dda81e98746b164ef59e3898",
            "directory_permission": "0777",
            "file_permission": "0777",
            "filename": "inventory.ini",
            "id": "a6f121941c454d83f19a52bfe42422145fae3738",
            "sensitive_content": null,
            "source": null
          },
          "sensitive_attributes": [
            [
              {
                "type": "get_attr",
                "value": "sensitive_content"
              }
            ]
          ],
          "identity_schema_version": 0,
          "dependencies": [
            "esxi_guest.ubuntu_vm"
          ]
        }
      ]
    }
  ],
  "check_results": null
}
