{
  "version": 4,
  "terraform_version": "1.13.2",
  "serial": 18,
  "lineage": "512ba704-bad6-af54-ca96-1c9583a432f2",
  "outputs": {
    "database_ip": {
      "value": "192.168.1.121",
      "type": "string"
    },
    "webserver_ips": {
      "value": [
        "192.168.1.120",
        "192.168.1.119"
      ],
      "type": [
        "tuple",
        [
          "string",
          "string"
        ]
      ]
    }
  },
  "resources": [
    {
      "mode": "managed",
      "type": "esxi_guest",
      "name": "dbserverprodu",
      "provider": "provider[\"registry.terraform.io/josenk/esxi\"]",
      "instances": [
        {
          "schema_version": 0,
          "attributes": {
            "boot_disk_size": null,
            "boot_disk_type": "thin",
            "boot_firmware": "bios",
            "clone_from_vm": null,
            "disk_store": "Datastore1",
            "guest_name": "databaseserver-produ",
            "guest_shutdown_timeout": 20,
            "guest_startup_timeout": 120,
            "guestinfo": {
              "userdata": "I2Nsb3VkLWNvbmZpZw0KdXNlcnM6DQogIC0gbmFtZTogc3R1ZGVudA0KICAgIHN1ZG86IEFMTD0oQUxMKSBOT1BBU1NXRDpBTEwNCiAgICBzaGVsbDogL2Jpbi9iYXNoDQogICAgc3NoLWF1dGhvcml6ZWQta2V5czoNCiAgICAgIC0gc3NoLWVkMjU1MTkgQUFBQUMzTnphQzFsWkRJMU5URTVBQUFBSUNBTGtKRUtCTzJXWXp3aVk4T1ZXS3M1RERrdDVQQzhUcjZnYXdJUkhQY2ggYXp1cmVfdm1fa2V5DQoNCnBhY2thZ2VzOg0KICAtIHdnZXQNCiAgLSBudHBkYXRlDQo=",
              "userdata.encoding": "base64"
            },
            "guestos": "ubuntu-64",
            "host_ovf": null,
            "id": "19",
            "ip_address": "192.168.1.121",
            "memsize": "2048",
            "network_interfaces": [
              {
                "mac_address": "",
                "nic_type": "e1000",
                "virtual_network": "VM Network"
              }
            ],
            "notes": "",
            "numvcpus": "1",
            "ovf_properties": [],
            "ovf_properties_timer": 90,
            "ovf_source": "https://cloud-images.ubuntu.com/releases/24.04/release/ubuntu-24.04-server-cloudimg-amd64.ova",
            "power": "on",
            "resource_pool_name": "/",
            "virthwver": "10",
            "virtual_disks": []
          },
          "sensitive_attributes": [],
          "identity_schema_version": 0,
          "private": "bnVsbA=="
        }
      ]
    },
    {
      "mode": "managed",
      "type": "esxi_guest",
      "name": "webserversprodu",
      "provider": "provider[\"registry.terraform.io/josenk/esxi\"]",
      "instances": [
        {
          "index_key": 0,
          "schema_version": 0,
          "attributes": {
            "boot_disk_size": null,
            "boot_disk_type": "thin",
            "boot_firmware": "bios",
            "clone_from_vm": null,
            "disk_store": "Datastore1",
            "guest_name": "webserver-produ-1",
            "guest_shutdown_timeout": 20,
            "guest_startup_timeout": 120,
            "guestinfo": {
              "userdata": "I2Nsb3VkLWNvbmZpZw0KdXNlcnM6DQogIC0gbmFtZTogc3R1ZGVudA0KICAgIHN1ZG86IEFMTD0oQUxMKSBOT1BBU1NXRDpBTEwNCiAgICBzaGVsbDogL2Jpbi9iYXNoDQogICAgc3NoLWF1dGhvcml6ZWQta2V5czoNCiAgICAgIC0gc3NoLWVkMjU1MTkgQUFBQUMzTnphQzFsWkRJMU5URTVBQUFBSUNBTGtKRUtCTzJXWXp3aVk4T1ZXS3M1RERrdDVQQzhUcjZnYXdJUkhQY2ggYXp1cmVfdm1fa2V5DQoNCnBhY2thZ2VzOg0KICAtIHdnZXQNCiAgLSBudHBkYXRlDQo=",
              "userdata.encoding": "base64"
            },
            "guestos": "ubuntu-64",
            "host_ovf": null,
            "id": "20",
            "ip_address": "192.168.1.120",
            "memsize": "2048",
            "network_interfaces": [
              {
                "mac_address": "",
                "nic_type": "e1000",
                "virtual_network": "VM Network"
              }
            ],
            "notes": "",
            "numvcpus": "1",
            "ovf_properties": [],
            "ovf_properties_timer": 90,
            "ovf_source": "https://cloud-images.ubuntu.com/releases/24.04/release/ubuntu-24.04-server-cloudimg-amd64.ova",
            "power": "on",
            "resource_pool_name": "/",
            "virthwver": "10",
            "virtual_disks": []
          },
          "sensitive_attributes": [],
          "identity_schema_version": 0,
          "private": "bnVsbA=="
        },
        {
          "index_key": 1,
          "schema_version": 0,
          "attributes": {
            "boot_disk_size": null,
            "boot_disk_type": "thin",
            "boot_firmware": "bios",
            "clone_from_vm": null,
            "disk_store": "Datastore1",
            "guest_name": "webserver-produ-2",
            "guest_shutdown_timeout": 20,
            "guest_startup_timeout": 120,
            "guestinfo": {
              "userdata": "I2Nsb3VkLWNvbmZpZw0KdXNlcnM6DQogIC0gbmFtZTogc3R1ZGVudA0KICAgIHN1ZG86IEFMTD0oQUxMKSBOT1BBU1NXRDpBTEwNCiAgICBzaGVsbDogL2Jpbi9iYXNoDQogICAgc3NoLWF1dGhvcml6ZWQta2V5czoNCiAgICAgIC0gc3NoLWVkMjU1MTkgQUFBQUMzTnphQzFsWkRJMU5URTVBQUFBSUNBTGtKRUtCTzJXWXp3aVk4T1ZXS3M1RERrdDVQQzhUcjZnYXdJUkhQY2ggYXp1cmVfdm1fa2V5DQoNCnBhY2thZ2VzOg0KICAtIHdnZXQNCiAgLSBudHBkYXRlDQo=",
              "userdata.encoding": "base64"
            },
            "guestos": "ubuntu-64",
            "host_ovf": null,
            "id": "18",
            "ip_address": "192.168.1.119",
            "memsize": "2048",
            "network_interfaces": [
              {
                "mac_address": "",
                "nic_type": "e1000",
                "virtual_network": "VM Network"
              }
            ],
            "notes": "",
            "numvcpus": "1",
            "ovf_properties": [],
            "ovf_properties_timer": 90,
            "ovf_source": "https://cloud-images.ubuntu.com/releases/24.04/release/ubuntu-24.04-server-cloudimg-amd64.ova",
            "power": "on",
            "resource_pool_name": "/",
            "virthwver": "10",
            "virtual_disks": []
          },
          "sensitive_attributes": [],
          "identity_schema_version": 0,
          "private": "bnVsbA=="
        }
      ]
    },
    {
      "mode": "managed",
      "type": "local_file",
      "name": "ansible_inventory",
      "provider": "provider[\"registry.terraform.io/hashicorp/local\"]",
      "instances": [
        {
          "schema_version": 0,
          "attributes": {
            "content": "[web]\r\nweb-prod-1 ansible_host=192.168.1.120 ansible_user=student\nweb-prod-2 ansible_host=192.168.1.119 ansible_user=student\r\n\r\n[db]\r\ndb-1-prod ansible_host=192.168.1.121 ansible_user=student\r\n",
            "content_base64": null,
            "content_base64sha256": "Fd8WzkStLAE9l7v8U4MFHqz5zmjXZeKz6qpq76NaXVk=",
            "content_base64sha512": "Zh+25mKzeV/umDlzkrcAK9tJb/cYUpW/5xv9cu4OvNNe73SKxql7CtBj5OyUFQuQQbuefbAGD+6cbnw7H5/xXA==",
            "content_md5": "0188f0b93f0f4c62ca4d7c42517dc7a3",
            "content_sha1": "3ec4de49a77b41858a1fa868de1252212d9861d4",
            "content_sha256": "15df16ce44ad2c013d97bbfc5383051eacf9ce68d765e2b3eaaa6aefa35a5d59",
            "content_sha512": "661fb6e662b3795fee98397392b7002bdb496ff7185295bfe71bfd72ee0ebcd35eef748ac6a97b0ad063e4ec94150b9041bb9e7db0060fee9c6e7c3b1f9ff15c",
            "directory_permission": "0777",
            "file_permission": "0777",
            "filename": "inventory.ini",
            "id": "3ec4de49a77b41858a1fa868de1252212d9861d4",
            "sensitive_content": null,
            "source": null
          },
          "sensitive_attributes": [
            [
              {
                "type": "get_attr",
                "value": "sensitive_content"
              }
            ]
          ],
          "identity_schema_version": 0,
          "dependencies": [
            "esxi_guest.dbserverprodu",
            "esxi_guest.webserversprodu"
          ]
        }
      ]
    },
    {
      "mode": "managed",
      "type": "local_file",
      "name": "write_ips_to_file",
      "provider": "provider[\"registry.terraform.io/hashicorp/local\"]",
      "instances": [
        {
          "schema_version": 0,
          "attributes": {
            "content": "Nieuwe Webservers (productie):\r\n192.168.1.120\n192.168.1.119\r\n\r\nNieuwe Database Server (productie):\r\n192.168.1.121\r\n",
            "content_base64": null,
            "content_base64sha256": "ISnuUK7dlfOEn/MEHhYQ5jupRrnLwaRF+9gZmDhocOs=",
            "content_base64sha512": "hDzgig+sHmt1ClxSxYZqNo9p6AvtjJDFASYjqSJ3SSYGBzFoWjFy9/QJ81HwDStGJp4N1rvnFmdQUdi9YKHB/w==",
            "content_md5": "d30eb3a436d2f193343cedec8911d080",
            "content_sha1": "ca7b74f6bc641a5934753ecb31b771be11310c1a",
            "content_sha256": "2129ee50aedd95f3849ff3041e1610e63ba946b9cbc1a445fbd81998386870eb",
            "content_sha512": "843ce08a0fac1e6b750a5c52c5866a368f69e80bed8c90c5012623a922774926060731685a3172f7f409f351f00d2b46269e0dd6bbe716675051d8bd60a1c1ff",
            "directory_permission": "0777",
            "file_permission": "0777",
            "filename": "vm-ips.txt",
            "id": "ca7b74f6bc641a5934753ecb31b771be11310c1a",
            "sensitive_content": null,
            "source": null
          },
          "sensitive_attributes": [
            [
              {
                "type": "get_attr",
                "value": "sensitive_content"
              }
            ]
          ],
          "identity_schema_version": 0,
          "dependencies": [
            "esxi_guest.dbserverprodu",
            "esxi_guest.webserversprodu"
          ]
        }
      ]
    }
  ],
  "check_results": null
}
