{
  "version": 4,
  "terraform_version": "1.13.2",
  "serial": 6,
  "lineage": "512ba704-bad6-af54-ca96-1c9583a432f2",
  "outputs": {
    "database_ip": {
      "value": "192.168.1.117",
      "type": "string"
    },
    "webserver_ips": {
      "value": [
        "192.168.1.116",
        "192.168.1.118"
      ],
      "type": [
        "tuple",
        [
          "string",
          "string"
        ]
      ]
    }
  },
  "resources": [
    {
      "mode": "managed",
      "type": "esxi_guest",
      "name": "dbserverprodu",
      "provider": "provider[\"registry.terraform.io/josenk/esxi\"]",
      "instances": [
        {
          "schema_version": 0,
          "attributes": {
            "boot_disk_size": null,
            "boot_disk_type": "thin",
            "boot_firmware": "bios",
            "clone_from_vm": null,
            "disk_store": "Datastore1",
            "guest_name": "databaseserver-produ",
            "guest_shutdown_timeout": 20,
            "guest_startup_timeout": 120,
            "guestinfo": {
              "userdata": "I2Nsb3VkLWNvbmZpZw0KdXNlcnM6DQogIC0gbmFtZTogc3R1ZGVudA0KICAgIHN1ZG86IEFMTD0oQUxMKSBOT1BBU1NXRDpBTEwNCiAgICBzaGVsbDogL2Jpbi9iYXNoDQogICAgc3NoLWF1dGhvcml6ZWQta2V5czoNCiAgICAgIC0gc3NoLWVkMjU1MTkgQUFBQUMzTnphQzFsWkRJMU5URTVBQUFBSUJUN3BSTm8yT2NCbVdBZmdacEFrSEtTa0EvNUVIZUFjQ3l5aENWbFB4Z0wgdGVycmFmb3JtDQoNCnBhY2thZ2VzOg0KICAtIHdnZXQNCiAgLSBudHBkYXRlDQo=",
              "userdata.encoding": "base64"
            },
            "guestos": "ubuntu-64",
            "host_ovf": null,
            "id": "15",
            "ip_address": "192.168.1.117",
            "memsize": "2048",
            "network_interfaces": [
              {
                "mac_address": "",
                "nic_type": "e1000",
                "virtual_network": "VM Network"
              }
            ],
            "notes": "",
            "numvcpus": "1",
            "ovf_properties": [],
            "ovf_properties_timer": 90,
            "ovf_source": "https://cloud-images.ubuntu.com/releases/24.04/release/ubuntu-24.04-server-cloudimg-amd64.ova",
            "power": "on",
            "resource_pool_name": "/",
            "virthwver": "10",
            "virtual_disks": []
          },
          "sensitive_attributes": [],
          "identity_schema_version": 0,
          "private": "bnVsbA=="
        }
      ]
    },
    {
      "mode": "managed",
      "type": "esxi_guest",
      "name": "webserversprodu",
      "provider": "provider[\"registry.terraform.io/josenk/esxi\"]",
      "instances": [
        {
          "index_key": 0,
          "schema_version": 0,
          "attributes": {
            "boot_disk_size": null,
            "boot_disk_type": "thin",
            "boot_firmware": "bios",
            "clone_from_vm": null,
            "disk_store": "Datastore1",
            "guest_name": "webserver-produ-1",
            "guest_shutdown_timeout": 20,
            "guest_startup_timeout": 120,
            "guestinfo": {
              "userdata": "I2Nsb3VkLWNvbmZpZw0KdXNlcnM6DQogIC0gbmFtZTogc3R1ZGVudA0KICAgIHN1ZG86IEFMTD0oQUxMKSBOT1BBU1NXRDpBTEwNCiAgICBzaGVsbDogL2Jpbi9iYXNoDQogICAgc3NoLWF1dGhvcml6ZWQta2V5czoNCiAgICAgIC0gc3NoLWVkMjU1MTkgQUFBQUMzTnphQzFsWkRJMU5URTVBQUFBSUJUN3BSTm8yT2NCbVdBZmdacEFrSEtTa0EvNUVIZUFjQ3l5aENWbFB4Z0wgdGVycmFmb3JtDQoNCnBhY2thZ2VzOg0KICAtIHdnZXQNCiAgLSBudHBkYXRlDQo=",
              "userdata.encoding": "base64"
            },
            "guestos": "ubuntu-64",
            "host_ovf": null,
            "id": "17",
            "ip_address": "192.168.1.116",
            "memsize": "2048",
            "network_interfaces": [
              {
                "mac_address": "",
                "nic_type": "e1000",
                "virtual_network": "VM Network"
              }
            ],
            "notes": "",
            "numvcpus": "1",
            "ovf_properties": [],
            "ovf_properties_timer": 90,
            "ovf_source": "https://cloud-images.ubuntu.com/releases/24.04/release/ubuntu-24.04-server-cloudimg-amd64.ova",
            "power": "on",
            "resource_pool_name": "/",
            "virthwver": "10",
            "virtual_disks": []
          },
          "sensitive_attributes": [],
          "identity_schema_version": 0,
          "private": "bnVsbA=="
        },
        {
          "index_key": 1,
          "schema_version": 0,
          "attributes": {
            "boot_disk_size": null,
            "boot_disk_type": "thin",
            "boot_firmware": "bios",
            "clone_from_vm": null,
            "disk_store": "Datastore1",
            "guest_name": "webserver-produ-2",
            "guest_shutdown_timeout": 20,
            "guest_startup_timeout": 120,
            "guestinfo": {
              "userdata": "I2Nsb3VkLWNvbmZpZw0KdXNlcnM6DQogIC0gbmFtZTogc3R1ZGVudA0KICAgIHN1ZG86IEFMTD0oQUxMKSBOT1BBU1NXRDpBTEwNCiAgICBzaGVsbDogL2Jpbi9iYXNoDQogICAgc3NoLWF1dGhvcml6ZWQta2V5czoNCiAgICAgIC0gc3NoLWVkMjU1MTkgQUFBQUMzTnphQzFsWkRJMU5URTVBQUFBSUJUN3BSTm8yT2NCbVdBZmdacEFrSEtTa0EvNUVIZUFjQ3l5aENWbFB4Z0wgdGVycmFmb3JtDQoNCnBhY2thZ2VzOg0KICAtIHdnZXQNCiAgLSBudHBkYXRlDQo=",
              "userdata.encoding": "base64"
            },
            "guestos": "ubuntu-64",
            "host_ovf": null,
            "id": "16",
            "ip_address": "192.168.1.118",
            "memsize": "2048",
            "network_interfaces": [
              {
                "mac_address": "",
                "nic_type": "e1000",
                "virtual_network": "VM Network"
              }
            ],
            "notes": "",
            "numvcpus": "1",
            "ovf_properties": [],
            "ovf_properties_timer": 90,
            "ovf_source": "https://cloud-images.ubuntu.com/releases/24.04/release/ubuntu-24.04-server-cloudimg-amd64.ova",
            "power": "on",
            "resource_pool_name": "/",
            "virthwver": "10",
            "virtual_disks": []
          },
          "sensitive_attributes": [],
          "identity_schema_version": 0,
          "private": "bnVsbA=="
        }
      ]
    },
    {
      "mode": "managed",
      "type": "local_file",
      "name": "ansible_inventory",
      "provider": "provider[\"registry.terraform.io/hashicorp/local\"]",
      "instances": [
        {
          "schema_version": 0,
          "attributes": {
            "content": "[web]\r\nweb-prod-1 ansible_host=192.168.1.116 ansible_user=student\nweb-prod-2 ansible_host=192.168.1.118 ansible_user=student\r\n\r\n[db]\r\ndb-1-prod ansible_host=192.168.1.117 ansible_user=student\r\n",
            "content_base64": null,
            "content_base64sha256": "DHENNfAbVk8NWhAWXMGvvYVWrFeqW8BORNru560sBgQ=",
            "content_base64sha512": "wHGYHOH27d9BqAgR4biq3EcscU6BJqjk7FDSirrV9obUxfmhPozHNkXDKzkg4nHFCfElWYUpW/s1I/MVxOWj6A==",
            "content_md5": "28251c386c28f6615b83c1a3dd17d331",
            "content_sha1": "682e3817fd71fab24068424234f9e5e04d729d8a",
            "content_sha256": "0c710d35f01b564f0d5a10165cc1afbd8556ac57aa5bc04e44daeee7ad2c0604",
            "content_sha512": "c071981ce1f6eddf41a80811e1b8aadc472c714e8126a8e4ec50d28abad5f686d4c5f9a13e8cc73645c32b3920e271c509f1255985295bfb3523f315c4e5a3e8",
            "directory_permission": "0777",
            "file_permission": "0777",
            "filename": "inventory.ini",
            "id": "682e3817fd71fab24068424234f9e5e04d729d8a",
            "sensitive_content": null,
            "source": null
          },
          "sensitive_attributes": [
            [
              {
                "type": "get_attr",
                "value": "sensitive_content"
              }
            ]
          ],
          "identity_schema_version": 0,
          "dependencies": [
            "esxi_guest.dbserverprodu",
            "esxi_guest.webserversprodu"
          ]
        }
      ]
    },
    {
      "mode": "managed",
      "type": "local_file",
      "name": "write_ips_to_file",
      "provider": "provider[\"registry.terraform.io/hashicorp/local\"]",
      "instances": [
        {
          "schema_version": 0,
          "attributes": {
            "content": "Nieuwe Webservers (productie):\r\n192.168.1.116\n192.168.1.118\r\n\r\nNieuwe Database Server (productie):\r\n192.168.1.117\r\n",
            "content_base64": null,
            "content_base64sha256": "WiGXlMdRTRORP22lB2HJE4f2blzlbhJK7oU33LncBBU=",
            "content_base64sha512": "SFErRgRNY8QWSg1gKW20U7M0/PsmE+aiugjskR7P6I2tdBg+TkaksgKcqIgNOKZwUN3vEuUvFuV0hvHPLFb9Wg==",
            "content_md5": "df1d99840ea525ef9ca65840605e0879",
            "content_sha1": "efc3f6d6ce3f2189367999c3b695af2040478e4b",
            "content_sha256": "5a219794c7514d13913f6da50761c91387f66e5ce56e124aee8537dcb9dc0415",
            "content_sha512": "48512b46044d63c4164a0d60296db453b334fcfb2613e6a2ba08ec911ecfe88dad74183e4e46a4b2029ca8880d38a67050ddef12e52f16e57486f1cf2c56fd5a",
            "directory_permission": "0777",
            "file_permission": "0777",
            "filename": "vm-ips.txt",
            "id": "efc3f6d6ce3f2189367999c3b695af2040478e4b",
            "sensitive_content": null,
            "source": null
          },
          "sensitive_attributes": [
            [
              {
                "type": "get_attr",
                "value": "sensitive_content"
              }
            ]
          ],
          "identity_schema_version": 0,
          "dependencies": [
            "esxi_guest.dbserverprodu",
            "esxi_guest.webserversprodu"
          ]
        }
      ]
    }
  ],
  "check_results": null
}
